
Microsoft Visual Studio Solution File, Format Version 12.00
# Visual Studio Version 16
VisualStudioVersion = 16.0.31205.134
MinimumVisualStudioVersion = 10.0.40219.1
Project("{FAE04EC0-301F-11D3-BF4B-00C04F79EFBC}") = "MailSender(MVVM And Entity)", "MailSender(MVVM And Entity)\MailSender(MVVM And Entity).csproj", "{A11C4488-45BE-47C0-8FF4-92A14FFE751C}"
EndProject
Global
	GlobalSection(SolutionConfigurationPlatforms) = preSolution
		Debug|Any CPU = Debug|Any CPU
		Release|Any CPU = Release|Any CPU
	EndGlobalSection
	GlobalSection(ProjectConfigurationPlatforms) = postSolution
		{A11C4488-45BE-47C0-8FF4-92A14FFE751C}.Debug|Any CPU.ActiveCfg = Debug|Any CPU
		{A11C4488-45BE-47C0-8FF4-92A14FFE751C}.Debug|Any CPU.Build.0 = Debug|Any CPU
		{A11C4488-45BE-47C0-8FF4-92A14FFE751C}.Release|Any CPU.ActiveCfg = Release|Any CPU
		{A11C4488-45BE-47C0-8FF4-92A14FFE751C}.Release|Any CPU.Build.0 = Release|Any CPU
	EndGlobalSection
	GlobalSection(SolutionProperties) = preSolution
		HideSolutionNode = FALSE
	EndGlobalSection
	GlobalSection(ExtensibilityGlobals) = postSolution
		SolutionGuid = {565C8ACA-AA27-42C6-AF90-B5BD5D1A6C8C}
	EndGlobalSection
EndGlobal
